// !$*UTF8*$!
{
	archiveVersion = 1;
	classes = {
	};
	objectVersion = 52;
	objects = {

/* Begin PBXBuildFile section */
		180D2E38260EF83800508F21 /* PersistenceManager.swift in Sources */ = {isa = PBXBuildFile; fileRef = 180D2E37260EF83800508F21 /* PersistenceManager.swift */; };
		180D2E45260EF86F00508F21 /* EndPoint.swift in Sources */ = {isa = PBXBuildFile; fileRef = 180D2E40260EF86E00508F21 /* EndPoint.swift */; };
		180D2E46260EF86F00508F21 /* NetworkOperationsManager.swift in Sources */ = {isa = PBXBuildFile; fileRef = 180D2E41260EF86E00508F21 /* NetworkOperationsManager.swift */; };
		180D2E47260EF86F00508F21 /* NetworkDecodableService.swift in Sources */ = {isa = PBXBuildFile; fileRef = 180D2E42260EF86E00508F21 /* NetworkDecodableService.swift */; };
		180D2E48260EF86F00508F21 /* NetworkDataService.swift in Sources */ = {isa = PBXBuildFile; fileRef = 180D2E43260EF86F00508F21 /* NetworkDataService.swift */; };
		180D2E49260EF86F00508F21 /* ApiConfig.swift in Sources */ = {isa = PBXBuildFile; fileRef = 180D2E44260EF86F00508F21 /* ApiConfig.swift */; };
		180D2E6C260F029000508F21 /* ImagePersistenceManager.swift in Sources */ = {isa = PBXBuildFile; fileRef = 180D2E6B260F029000508F21 /* ImagePersistenceManager.swift */; };
		180D2E82260F2E7F00508F21 /* Cancellable.swift in Sources */ = {isa = PBXBuildFile; fileRef = 180D2E81260F2E7F00508F21 /* Cancellable.swift */; };
		180D2E90260F61E000508F21 /* ImageCacheService.swift in Sources */ = {isa = PBXBuildFile; fileRef = 180D2E8F260F61E000508F21 /* ImageCacheService.swift */; };
		180D2EAB260F780500508F21 /* UsersListRequest.swift in Sources */ = {isa = PBXBuildFile; fileRef = 180D2EAA260F780500508F21 /* UsersListRequest.swift */; };
		180D2EB6260F7DFD00508F21 /* UsersListResponse.swift in Sources */ = {isa = PBXBuildFile; fileRef = 180D2EB5260F7DFD00508F21 /* UsersListResponse.swift */; };
		180D2EBA260F7E0700508F21 /* UsersListPersistenceService.swift in Sources */ = {isa = PBXBuildFile; fileRef = 180D2E9E260F751000508F21 /* UsersListPersistenceService.swift */; };
		180D2EC0260F834500508F21 /* UserEntity+Mapping.swift in Sources */ = {isa = PBXBuildFile; fileRef = 180D2EBF260F834500508F21 /* UserEntity+Mapping.swift */; };
		180D2EC8260F9AE800508F21 /* UserDetailsResponse.swift in Sources */ = {isa = PBXBuildFile; fileRef = 180D2EC7260F9AE800508F21 /* UserDetailsResponse.swift */; };
		180D2ECE260FA88B00508F21 /* UsersListRepository.swift in Sources */ = {isa = PBXBuildFile; fileRef = 180D2ECD260FA88B00508F21 /* UsersListRepository.swift */; };
		180D2ED7260FAA1A00508F21 /* RepositoryTask.swift in Sources */ = {isa = PBXBuildFile; fileRef = 180D2ED6260FAA1A00508F21 /* RepositoryTask.swift */; };
		180D2EE1260FAB7000508F21 /* APIEndpoints.swift in Sources */ = {isa = PBXBuildFile; fileRef = 180D2EDF260FAB7000508F21 /* APIEndpoints.swift */; };
		180D2EF2260FAF7900508F21 /* UserDetailsRequest.swift in Sources */ = {isa = PBXBuildFile; fileRef = 180D2EF1260FAF7900508F21 /* UserDetailsRequest.swift */; };
		180D2EF7260FAFC100508F21 /* UserDetailsRepository.swift in Sources */ = {isa = PBXBuildFile; fileRef = 180D2EF6260FAFC100508F21 /* UserDetailsRepository.swift */; };
		180D2EFC260FB02C00508F21 /* UserDetailsPersistenceService.swift in Sources */ = {isa = PBXBuildFile; fileRef = 180D2EFB260FB02C00508F21 /* UserDetailsPersistenceService.swift */; };
		180D2F01260FB8C100508F21 /* ImageRepository.swift in Sources */ = {isa = PBXBuildFile; fileRef = 180D2F00260FB8C100508F21 /* ImageRepository.swift */; };
		180D2F1A261036E000508F21 /* UsersListViewModel.swift in Sources */ = {isa = PBXBuildFile; fileRef = 180D2F19261036E000508F21 /* UsersListViewModel.swift */; };
		180D2F3E261066E200508F21 /* ConnectionError.swift in Sources */ = {isa = PBXBuildFile; fileRef = 180D2F3D261066E200508F21 /* ConnectionError.swift */; };
		180D2F452610676300508F21 /* NetworkDecodableServiceError+ConnectionError.swift in Sources */ = {isa = PBXBuildFile; fileRef = 180D2F442610676300508F21 /* NetworkDecodableServiceError+ConnectionError.swift */; };
		180D2F5826106A3A00508F21 /* UsersListCellViewModel.swift in Sources */ = {isa = PBXBuildFile; fileRef = 180D2F5726106A3A00508F21 /* UsersListCellViewModel.swift */; };
		180D2F6626107A2600508F21 /* UsersListCoordinator.swift in Sources */ = {isa = PBXBuildFile; fileRef = 180D2F2E2610470000508F21 /* UsersListCoordinator.swift */; };
		180D2F6726107A2600508F21 /* UsersSceneDIContainer.swift in Sources */ = {isa = PBXBuildFile; fileRef = 180D2E54260EFBC600508F21 /* UsersSceneDIContainer.swift */; };
		180D2F6826107A2600508F21 /* AppCoordinator.swift in Sources */ = {isa = PBXBuildFile; fileRef = 180D2E52260EFBC600508F21 /* AppCoordinator.swift */; };
		180D2F6926107A2600508F21 /* UsersListViewController.swift in Sources */ = {isa = PBXBuildFile; fileRef = 180D2F132610369E00508F21 /* UsersListViewController.swift */; };
		180D2F6A26107A2600508F21 /* AppDIContainer.swift in Sources */ = {isa = PBXBuildFile; fileRef = 180D2E55260EFBC600508F21 /* AppDIContainer.swift */; };
		180D2F6B26107A2600508F21 /* AppConfig.swift in Sources */ = {isa = PBXBuildFile; fileRef = 180D2E56260EFBC600508F21 /* AppConfig.swift */; };
		180D2F8B2610970800508F21 /* UsersListTableViewController.swift in Sources */ = {isa = PBXBuildFile; fileRef = 180D2F8A2610970800508F21 /* UsersListTableViewController.swift */; };
		180D2F932610971A00508F21 /* UsersSearchTableViewController.swift in Sources */ = {isa = PBXBuildFile; fileRef = 180D2F922610971A00508F21 /* UsersSearchTableViewController.swift */; };
		180D2F9926109AAC00508F21 /* UsersListItemCell.swift in Sources */ = {isa = PBXBuildFile; fileRef = 180D2F9826109AAC00508F21 /* UsersListItemCell.swift */; };
		180D2FA226109AE700508F21 /* UsersListItemCellProtocol.swift in Sources */ = {isa = PBXBuildFile; fileRef = 180D2FA126109AE700508F21 /* UsersListItemCellProtocol.swift */; };
		180D2FB02610AEE000508F21 /* UIViewController+Embed.swift in Sources */ = {isa = PBXBuildFile; fileRef = 180D2FAF2610AEE000508F21 /* UIViewController+Embed.swift */; };
		180D2FB82610D73400508F21 /* ShadowView.swift in Sources */ = {isa = PBXBuildFile; fileRef = 180D2FB72610D73400508F21 /* ShadowView.swift */; };
		180D2FC92610DBF000508F21 /* UIImage+Resize.swift in Sources */ = {isa = PBXBuildFile; fileRef = 180D2FC82610DBF000508F21 /* UIImage+Resize.swift */; };
		180D2FCE2610DD3600508F21 /* RoundedView.swift in Sources */ = {isa = PBXBuildFile; fileRef = 180D2FCD2610DD3600508F21 /* RoundedView.swift */; };
		180D2FD32610E95400508F21 /* InvertedUsersListItemCell.swift in Sources */ = {isa = PBXBuildFile; fileRef = 180D2FD22610E95400508F21 /* InvertedUsersListItemCell.swift */; };
		180D2FD82610E9CF00508F21 /* UsersListNoteItemCell.swift in Sources */ = {isa = PBXBuildFile; fileRef = 180D2FD72610E9CF00508F21 /* UsersListNoteItemCell.swift */; };
		180D2FDD2610EA7100508F21 /* UIIMage+InvertImage.swift in Sources */ = {isa = PBXBuildFile; fileRef = 180D2FDC2610EA7100508F21 /* UIIMage+InvertImage.swift */; };
		180D2FE52610F2D500508F21 /* InvertedUsersNoteListItemCell.swift in Sources */ = {isa = PBXBuildFile; fileRef = 180D2FE42610F2D500508F21 /* InvertedUsersNoteListItemCell.swift */; };
		180D2FF326111B5200508F21 /* LoadingView.swift in Sources */ = {isa = PBXBuildFile; fileRef = 180D2FF226111B5200508F21 /* LoadingView.swift */; };
		180D2FFB26115D4D00508F21 /* LocalUsersSearchViewModel.swift in Sources */ = {isa = PBXBuildFile; fileRef = 180D2FFA26115D4D00508F21 /* LocalUsersSearchViewModel.swift */; };
		180D300426115F4100508F21 /* LocalUsersSearchPersistenceService.swift in Sources */ = {isa = PBXBuildFile; fileRef = 180D300326115F4100508F21 /* LocalUsersSearchPersistenceService.swift */; };
		180D300D261160D200508F21 /* LocalUsersSearchQuery.swift in Sources */ = {isa = PBXBuildFile; fileRef = 180D300C261160D200508F21 /* LocalUsersSearchQuery.swift */; };
		180D301826116C3700508F21 /* LocalUserSearchRepository.swift in Sources */ = {isa = PBXBuildFile; fileRef = 180D301726116C3700508F21 /* LocalUserSearchRepository.swift */; };
		18163C53261293280007ABCE /* SkeletonView in Frameworks */ = {isa = PBXBuildFile; productRef = 18163C52261293280007ABCE /* SkeletonView */; };
		18163C66261338670007ABCE /* MergePolicyPersistenceServicesTests.swift in Sources */ = {isa = PBXBuildFile; fileRef = 18163C65261338670007ABCE /* MergePolicyPersistenceServicesTests.swift */; };
		181F54962611FE7900F1546A /* Reachability in Frameworks */ = {isa = PBXBuildFile; productRef = 181F54952611FE7900F1546A /* Reachability */; };
		183E3BFA26136A2100F7587C /* ModelGenerator.swift in Sources */ = {isa = PBXBuildFile; fileRef = 183E3BF926136A2100F7587C /* ModelGenerator.swift */; };
		183E3C0426136F6B00F7587C /* Encodable+getData.swift in Sources */ = {isa = PBXBuildFile; fileRef = 183E3C0326136F6B00F7587C /* Encodable+getData.swift */; };
		1849DD18262F25CB007637CE /* IQKeyboardManagerSwift in Frameworks */ = {isa = PBXBuildFile; productRef = 1849DD17262F25CB007637CE /* IQKeyboardManagerSwift */; };
		1864DB8C2613AB23003D570B /* MockUsersListRepository.swift in Sources */ = {isa = PBXBuildFile; fileRef = 1864DB8B2613AB23003D570B /* MockUsersListRepository.swift */; };
		1864DB912613AB53003D570B /* MockSearchUsersRepository.swift in Sources */ = {isa = PBXBuildFile; fileRef = 1864DB8F2613AB53003D570B /* MockSearchUsersRepository.swift */; };
		1864DB922613AB53003D570B /* MockUserDetailsRepository.swift in Sources */ = {isa = PBXBuildFile; fileRef = 1864DB902613AB53003D570B /* MockUserDetailsRepository.swift */; };
		1864DB982613ABCD003D570B /* MockCancellable.swift in Sources */ = {isa = PBXBuildFile; fileRef = 1864DB972613ABCD003D570B /* MockCancellable.swift */; };
		1864DB9E2613B386003D570B /* MockImageRepository.swift in Sources */ = {isa = PBXBuildFile; fileRef = 1864DB9D2613B386003D570B /* MockImageRepository.swift */; };
		1865A12526563E2C00796C12 /* UserListViewModelTests.swift in Sources */ = {isa = PBXBuildFile; fileRef = 1865A12426563E2C00796C12 /* UserListViewModelTests.swift */; };
		1865A12726563E3F00796C12 /* UserDetailsViewModelTests.swift in Sources */ = {isa = PBXBuildFile; fileRef = 1865A12626563E3F00796C12 /* UserDetailsViewModelTests.swift */; };
		1865A12926563E6A00796C12 /* UserSearchViewModelTests.swift in Sources */ = {isa = PBXBuildFile; fileRef = 1865A12826563E6A00796C12 /* UserSearchViewModelTests.swift */; };
		1865A12B2656449F00796C12 /* UserListRepositoryTests.swift in Sources */ = {isa = PBXBuildFile; fileRef = 1865A12A2656449E00796C12 /* UserListRepositoryTests.swift */; };
		1865A12D265644C000796C12 /* UserDetailsRepositoryTests.swift in Sources */ = {isa = PBXBuildFile; fileRef = 1865A12C265644C000796C12 /* UserDetailsRepositoryTests.swift */; };
		1865A12F265644D800796C12 /* UserSearchRepositoryTests.swift in Sources */ = {isa = PBXBuildFile; fileRef = 1865A12E265644D800796C12 /* UserSearchRepositoryTests.swift */; };
		1865A13126564B1600796C12 /* UserListPersistenceServiceTests.swift in Sources */ = {isa = PBXBuildFile; fileRef = 1865A13026564B1600796C12 /* UserListPersistenceServiceTests.swift */; };
		1865A13326564B2500796C12 /* UserDetailsPersistenceServiceTests.swift in Sources */ = {isa = PBXBuildFile; fileRef = 1865A13226564B2500796C12 /* UserDetailsPersistenceServiceTests.swift */; };
		1865A13526564B3700796C12 /* UserSearchPersistenceServiceTests.swift in Sources */ = {isa = PBXBuildFile; fileRef = 1865A13426564B3700796C12 /* UserSearchPersistenceServiceTests.swift */; };
		188BF266260EF67900EB2CC6 /* AppDelegate.swift in Sources */ = {isa = PBXBuildFile; fileRef = 188BF265260EF67900EB2CC6 /* AppDelegate.swift */; };
		188BF268260EF67900EB2CC6 /* SceneDelegate.swift in Sources */ = {isa = PBXBuildFile; fileRef = 188BF267260EF67900EB2CC6 /* SceneDelegate.swift */; };
		188BF270260EF67900EB2CC6 /* GH_Users.xcdatamodeld in Sources */ = {isa = PBXBuildFile; fileRef = 188BF26E260EF67900EB2CC6 /* GH_Users.xcdatamodeld */; };
		188BF272260EF67A00EB2CC6 /* Assets.xcassets in Resources */ = {isa = PBXBuildFile; fileRef = 188BF271260EF67A00EB2CC6 /* Assets.xcassets */; };
		188BF275260EF67A00EB2CC6 /* LaunchScreen.storyboard in Resources */ = {isa = PBXBuildFile; fileRef = 188BF273260EF67A00EB2CC6 /* LaunchScreen.storyboard */; };
		18A3ED0426138C4900E8AFF1 /* MockNetworkDecodableService.swift in Sources */ = {isa = PBXBuildFile; fileRef = 18A3ED0326138C4900E8AFF1 /* MockNetworkDecodableService.swift */; };
		18A3ED0A26138C6B00E8AFF1 /* MockUserListPersistenceService.swift in Sources */ = {isa = PBXBuildFile; fileRef = 18A3ED0926138C6B00E8AFF1 /* MockUserListPersistenceService.swift */; };
		18A3ED0E2613902400E8AFF1 /* MockLocalUsersSearchPersistenceService.swift in Sources */ = {isa = PBXBuildFile; fileRef = 18A3ED0D2613902400E8AFF1 /* MockLocalUsersSearchPersistenceService.swift */; };
		18A3ED142613906600E8AFF1 /* MockUserDetailsPersistenceService.swift in Sources */ = {isa = PBXBuildFile; fileRef = 18A3ED132613906600E8AFF1 /* MockUserDetailsPersistenceService.swift */; };
		18C33ECD26119A42008282B4 /* UserDetailsViewController.swift in Sources */ = {isa = PBXBuildFile; fileRef = 18C33ECC26119A42008282B4 /* UserDetailsViewController.swift */; };
		18C33ED526119A51008282B4 /* UserDetailsViewController.storyboard in Resources */ = {isa = PBXBuildFile; fileRef = 18C33ED426119A51008282B4 /* UserDetailsViewController.storyboard */; };
		18C33EE526119CD4008282B4 /* UserDetailsViewModel.swift in Sources */ = {isa = PBXBuildFile; fileRef = 18C33EE426119CD4008282B4 /* UserDetailsViewModel.swift */; };
/* End PBXBuildFile section */

/* Begin PBXContainerItemProxy section */
		188BF27C260EF67A00EB2CC6 /* PBXContainerItemProxy */ = {
			isa = PBXContainerItemProxy;
			containerPortal = 188BF25A260EF67900EB2CC6 /* Project object */;
			proxyType = 1;
			remoteGlobalIDString = 188BF261260EF67900EB2CC6;
			remoteInfo = "GH-Users";
		};
/* End PBXContainerItemProxy section */

/* Begin PBXFileReference section */
		180D2E37260EF83800508F21 /* PersistenceManager.swift */ = {isa = PBXFileReference; fileEncoding = 4; lastKnownFileType = sourcecode.swift; path = PersistenceManager.swift; sourceTree = "<group>"; };
		180D2E40260EF86E00508F21 /* EndPoint.swift */ = {isa = PBXFileReference; fileEncoding = 4; lastKnownFileType = sourcecode.swift; path = EndPoint.swift; sourceTree = "<group>"; };
		180D2E41260EF86E00508F21 /* NetworkOperationsManager.swift */ = {isa = PBXFileReference; fileEncoding = 4; lastKnownFileType = sourcecode.swift; path = NetworkOperationsManager.swift; sourceTree = "<group>"; };
		180D2E42260EF86E00508F21 /* NetworkDecodableService.swift */ = {isa = PBXFileReference; fileEncoding = 4; lastKnownFileType = sourcecode.swift; path = NetworkDecodableService.swift; sourceTree = "<group>"; };
		180D2E43260EF86F00508F21 /* NetworkDataService.swift */ = {isa = PBXFileReference; fileEncoding = 4; lastKnownFileType = sourcecode.swift; path = NetworkDataService.swift; sourceTree = "<group>"; };
		180D2E44260EF86F00508F21 /* ApiConfig.swift */ = {isa = PBXFileReference; fileEncoding = 4; lastKnownFileType = sourcecode.swift; path = ApiConfig.swift; sourceTree = "<group>"; };
		180D2E52260EFBC600508F21 /* AppCoordinator.swift */ = {isa = PBXFileReference; fileEncoding = 4; lastKnownFileType = sourcecode.swift; path = AppCoordinator.swift; sourceTree = "<group>"; };
		180D2E54260EFBC600508F21 /* UsersSceneDIContainer.swift */ = {isa = PBXFileReference; fileEncoding = 4; lastKnownFileType = sourcecode.swift; path = UsersSceneDIContainer.swift; sourceTree = "<group>"; };
		180D2E55260EFBC600508F21 /* AppDIContainer.swift */ = {isa = PBXFileReference; fileEncoding = 4; lastKnownFileType = sourcecode.swift; path = AppDIContainer.swift; sourceTree = "<group>"; };
		180D2E56260EFBC600508F21 /* AppConfig.swift */ = {isa = PBXFileReference; fileEncoding = 4; lastKnownFileType = sourcecode.swift; path = AppConfig.swift; sourceTree = "<group>"; };
		180D2E6B260F029000508F21 /* ImagePersistenceManager.swift */ = {isa = PBXFileReference; lastKnownFileType = sourcecode.swift; path = ImagePersistenceManager.swift; sourceTree = "<group>"; };
		180D2E81260F2E7F00508F21 /* Cancellable.swift */ = {isa = PBXFileReference; lastKnownFileType = sourcecode.swift; path = Cancellable.swift; sourceTree = "<group>"; };
		180D2E8F260F61E000508F21 /* ImageCacheService.swift */ = {isa = PBXFileReference; lastKnownFileType = sourcecode.swift; path = ImageCacheService.swift; sourceTree = "<group>"; };
		180D2E9E260F751000508F21 /* UsersListPersistenceService.swift */ = {isa = PBXFileReference; lastKnownFileType = sourcecode.swift; path = UsersListPersistenceService.swift; sourceTree = "<group>"; };
		180D2EAA260F780500508F21 /* UsersListRequest.swift */ = {isa = PBXFileReference; lastKnownFileType = sourcecode.swift; path = UsersListRequest.swift; sourceTree = "<group>"; };
		180D2EB5260F7DFD00508F21 /* UsersListResponse.swift */ = {isa = PBXFileReference; lastKnownFileType = sourcecode.swift; path = UsersListResponse.swift; sourceTree = "<group>"; };
		180D2EBF260F834500508F21 /* UserEntity+Mapping.swift */ = {isa = PBXFileReference; lastKnownFileType = sourcecode.swift; path = "UserEntity+Mapping.swift"; sourceTree = "<group>"; };
		180D2EC7260F9AE800508F21 /* UserDetailsResponse.swift */ = {isa = PBXFileReference; lastKnownFileType = sourcecode.swift; path = UserDetailsResponse.swift; sourceTree = "<group>"; };
		180D2ECD260FA88B00508F21 /* UsersListRepository.swift */ = {isa = PBXFileReference; lastKnownFileType = sourcecode.swift; path = UsersListRepository.swift; sourceTree = "<group>"; };
		180D2ED6260FAA1A00508F21 /* RepositoryTask.swift */ = {isa = PBXFileReference; lastKnownFileType = sourcecode.swift; path = RepositoryTask.swift; sourceTree = "<group>"; };
		180D2EDF260FAB7000508F21 /* APIEndpoints.swift */ = {isa = PBXFileReference; fileEncoding = 4; lastKnownFileType = sourcecode.swift; path = APIEndpoints.swift; sourceTree = "<group>"; };
		180D2EF1260FAF7900508F21 /* UserDetailsRequest.swift */ = {isa = PBXFileReference; lastKnownFileType = sourcecode.swift; path = UserDetailsRequest.swift; sourceTree = "<group>"; };
		180D2EF6260FAFC100508F21 /* UserDetailsRepository.swift */ = {isa = PBXFileReference; lastKnownFileType = sourcecode.swift; path = UserDetailsRepository.swift; sourceTree = "<group>"; };
		180D2EFB260FB02C00508F21 /* UserDetailsPersistenceService.swift */ = {isa = PBXFileReference; lastKnownFileType = sourcecode.swift; path = UserDetailsPersistenceService.swift; sourceTree = "<group>"; };
		180D2F00260FB8C100508F21 /* ImageRepository.swift */ = {isa = PBXFileReference; lastKnownFileType = sourcecode.swift; path = ImageRepository.swift; sourceTree = "<group>"; };
		180D2F132610369E00508F21 /* UsersListViewController.swift */ = {isa = PBXFileReference; lastKnownFileType = sourcecode.swift; path = UsersListViewController.swift; sourceTree = "<group>"; };
		180D2F19261036E000508F21 /* UsersListViewModel.swift */ = {isa = PBXFileReference; lastKnownFileType = sourcecode.swift; path = UsersListViewModel.swift; sourceTree = "<group>"; };
		180D2F2E2610470000508F21 /* UsersListCoordinator.swift */ = {isa = PBXFileReference; lastKnownFileType = sourcecode.swift; path = UsersListCoordinator.swift; sourceTree = "<group>"; };
		180D2F3D261066E200508F21 /* ConnectionError.swift */ = {isa = PBXFileReference; lastKnownFileType = sourcecode.swift; path = ConnectionError.swift; sourceTree = "<group>"; };
		180D2F442610676300508F21 /* NetworkDecodableServiceError+ConnectionError.swift */ = {isa = PBXFileReference; lastKnownFileType = sourcecode.swift; path = "NetworkDecodableServiceError+ConnectionError.swift"; sourceTree = "<group>"; };
		180D2F5726106A3A00508F21 /* UsersListCellViewModel.swift */ = {isa = PBXFileReference; lastKnownFileType = sourcecode.swift; path = UsersListCellViewModel.swift; sourceTree = "<group>"; };
		180D2F8A2610970800508F21 /* UsersListTableViewController.swift */ = {isa = PBXFileReference; lastKnownFileType = sourcecode.swift; path = UsersListTableViewController.swift; sourceTree = "<group>"; };
		180D2F922610971A00508F21 /* UsersSearchTableViewController.swift */ = {isa = PBXFileReference; lastKnownFileType = sourcecode.swift; path = UsersSearchTableViewController.swift; sourceTree = "<group>"; };
		180D2F9826109AAC00508F21 /* UsersListItemCell.swift */ = {isa = PBXFileReference; lastKnownFileType = sourcecode.swift; path = UsersListItemCell.swift; sourceTree = "<group>"; };
		180D2FA126109AE700508F21 /* UsersListItemCellProtocol.swift */ = {isa = PBXFileReference; lastKnownFileType = sourcecode.swift; path = UsersListItemCellProtocol.swift; sourceTree = "<group>"; };
		180D2FAF2610AEE000508F21 /* UIViewController+Embed.swift */ = {isa = PBXFileReference; lastKnownFileType = sourcecode.swift; path = "UIViewController+Embed.swift"; sourceTree = "<group>"; };
		180D2FB72610D73400508F21 /* ShadowView.swift */ = {isa = PBXFileReference; lastKnownFileType = sourcecode.swift; path = ShadowView.swift; sourceTree = "<group>"; };
		180D2FC82610DBF000508F21 /* UIImage+Resize.swift */ = {isa = PBXFileReference; lastKnownFileType = sourcecode.swift; path = "UIImage+Resize.swift"; sourceTree = "<group>"; };
		180D2FCD2610DD3600508F21 /* RoundedView.swift */ = {isa = PBXFileReference; lastKnownFileType = sourcecode.swift; path = RoundedView.swift; sourceTree = "<group>"; };
		180D2FD22610E95400508F21 /* InvertedUsersListItemCell.swift */ = {isa = PBXFileReference; lastKnownFileType = sourcecode.swift; path = InvertedUsersListItemCell.swift; sourceTree = "<group>"; };
		180D2FD72610E9CF00508F21 /* UsersListNoteItemCell.swift */ = {isa = PBXFileReference; lastKnownFileType = sourcecode.swift; path = UsersListNoteItemCell.swift; sourceTree = "<group>"; };
		180D2FDC2610EA7100508F21 /* UIIMage+InvertImage.swift */ = {isa = PBXFileReference; lastKnownFileType = sourcecode.swift; path = "UIIMage+InvertImage.swift"; sourceTree = "<group>"; };
		180D2FE42610F2D500508F21 /* InvertedUsersNoteListItemCell.swift */ = {isa = PBXFileReference; lastKnownFileType = sourcecode.swift; path = InvertedUsersNoteListItemCell.swift; sourceTree = "<group>"; };
		180D2FF226111B5200508F21 /* LoadingView.swift */ = {isa = PBXFileReference; lastKnownFileType = sourcecode.swift; path = LoadingView.swift; sourceTree = "<group>"; };
		180D2FFA26115D4D00508F21 /* LocalUsersSearchViewModel.swift */ = {isa = PBXFileReference; lastKnownFileType = sourcecode.swift; path = LocalUsersSearchViewModel.swift; sourceTree = "<group>"; };
		180D300326115F4100508F21 /* LocalUsersSearchPersistenceService.swift */ = {isa = PBXFileReference; lastKnownFileType = sourcecode.swift; path = LocalUsersSearchPersistenceService.swift; sourceTree = "<group>"; };
		180D300C261160D200508F21 /* LocalUsersSearchQuery.swift */ = {isa = PBXFileReference; lastKnownFileType = sourcecode.swift; path = LocalUsersSearchQuery.swift; sourceTree = "<group>"; };
		180D301726116C3700508F21 /* LocalUserSearchRepository.swift */ = {isa = PBXFileReference; lastKnownFileType = sourcecode.swift; path = LocalUserSearchRepository.swift; sourceTree = "<group>"; };
		18163C65261338670007ABCE /* MergePolicyPersistenceServicesTests.swift */ = {isa = PBXFileReference; lastKnownFileType = sourcecode.swift; path = MergePolicyPersistenceServicesTests.swift; sourceTree = "<group>"; };
		183E3BF926136A2100F7587C /* ModelGenerator.swift */ = {isa = PBXFileReference; lastKnownFileType = sourcecode.swift; path = ModelGenerator.swift; sourceTree = "<group>"; };
		183E3C0326136F6B00F7587C /* Encodable+getData.swift */ = {isa = PBXFileReference; lastKnownFileType = sourcecode.swift; path = "Encodable+getData.swift"; sourceTree = "<group>"; };
		1864DB8B2613AB23003D570B /* MockUsersListRepository.swift */ = {isa = PBXFileReference; lastKnownFileType = sourcecode.swift; path = MockUsersListRepository.swift; sourceTree = "<group>"; };
		1864DB8F2613AB53003D570B /* MockSearchUsersRepository.swift */ = {isa = PBXFileReference; fileEncoding = 4; lastKnownFileType = sourcecode.swift; path = MockSearchUsersRepository.swift; sourceTree = "<group>"; };
		1864DB902613AB53003D570B /* MockUserDetailsRepository.swift */ = {isa = PBXFileReference; fileEncoding = 4; lastKnownFileType = sourcecode.swift; path = MockUserDetailsRepository.swift; sourceTree = "<group>"; };
		1864DB972613ABCD003D570B /* MockCancellable.swift */ = {isa = PBXFileReference; lastKnownFileType = sourcecode.swift; path = MockCancellable.swift; sourceTree = "<group>"; };
		1864DB9D2613B386003D570B /* MockImageRepository.swift */ = {isa = PBXFileReference; lastKnownFileType = sourcecode.swift; path = MockImageRepository.swift; sourceTree = "<group>"; };
		1865A12426563E2C00796C12 /* UserListViewModelTests.swift */ = {isa = PBXFileReference; lastKnownFileType = sourcecode.swift; path = UserListViewModelTests.swift; sourceTree = "<group>"; };
		1865A12626563E3F00796C12 /* UserDetailsViewModelTests.swift */ = {isa = PBXFileReference; lastKnownFileType = sourcecode.swift; path = UserDetailsViewModelTests.swift; sourceTree = "<group>"; };
		1865A12826563E6A00796C12 /* UserSearchViewModelTests.swift */ = {isa = PBXFileReference; lastKnownFileType = sourcecode.swift; path = UserSearchViewModelTests.swift; sourceTree = "<group>"; };
		1865A12A2656449E00796C12 /* UserListRepositoryTests.swift */ = {isa = PBXFileReference; lastKnownFileType = sourcecode.swift; path = UserListRepositoryTests.swift; sourceTree = "<group>"; };
		1865A12C265644C000796C12 /* UserDetailsRepositoryTests.swift */ = {isa = PBXFileReference; lastKnownFileType = sourcecode.swift; path = UserDetailsRepositoryTests.swift; sourceTree = "<group>"; };
		1865A12E265644D800796C12 /* UserSearchRepositoryTests.swift */ = {isa = PBXFileReference; lastKnownFileType = sourcecode.swift; path = UserSearchRepositoryTests.swift; sourceTree = "<group>"; };
		1865A13026564B1600796C12 /* UserListPersistenceServiceTests.swift */ = {isa = PBXFileReference; lastKnownFileType = sourcecode.swift; path = UserListPersistenceServiceTests.swift; sourceTree = "<group>"; };
		1865A13226564B2500796C12 /* UserDetailsPersistenceServiceTests.swift */ = {isa = PBXFileReference; lastKnownFileType = sourcecode.swift; path = UserDetailsPersistenceServiceTests.swift; sourceTree = "<group>"; };
		1865A13426564B3700796C12 /* UserSearchPersistenceServiceTests.swift */ = {isa = PBXFileReference; lastKnownFileType = sourcecode.swift; path = UserSearchPersistenceServiceTests.swift; sourceTree = "<group>"; };
		188BF262260EF67900EB2CC6 /* GH-Users.app */ = {isa = PBXFileReference; explicitFileType = wrapper.application; includeInIndex = 0; path = "GH-Users.app"; sourceTree = BUILT_PRODUCTS_DIR; };
		188BF265260EF67900EB2CC6 /* AppDelegate.swift */ = {isa = PBXFileReference; lastKnownFileType = sourcecode.swift; path = AppDelegate.swift; sourceTree = "<group>"; };
		188BF267260EF67900EB2CC6 /* SceneDelegate.swift */ = {isa = PBXFileReference; lastKnownFileType = sourcecode.swift; path = SceneDelegate.swift; sourceTree = "<group>"; };
		188BF26F260EF67900EB2CC6 /* GH_Users.xcdatamodel */ = {isa = PBXFileReference; lastKnownFileType = wrapper.xcdatamodel; path = GH_Users.xcdatamodel; sourceTree = "<group>"; };
		188BF271260EF67A00EB2CC6 /* Assets.xcassets */ = {isa = PBXFileReference; lastKnownFileType = folder.assetcatalog; path = Assets.xcassets; sourceTree = "<group>"; };
		188BF274260EF67A00EB2CC6 /* Base */ = {isa = PBXFileReference; lastKnownFileType = file.storyboard; name = Base; path = Base.lproj/LaunchScreen.storyboard; sourceTree = "<group>"; };
		188BF276260EF67A00EB2CC6 /* Info.plist */ = {isa = PBXFileReference; lastKnownFileType = text.plist.xml; path = Info.plist; sourceTree = "<group>"; };
		188BF27B260EF67A00EB2CC6 /* GH-UsersTests.xctest */ = {isa = PBXFileReference; explicitFileType = wrapper.cfbundle; includeInIndex = 0; path = "GH-UsersTests.xctest"; sourceTree = BUILT_PRODUCTS_DIR; };
		188BF281260EF67A00EB2CC6 /* Info.plist */ = {isa = PBXFileReference; lastKnownFileType = text.plist.xml; path = Info.plist; sourceTree = "<group>"; };
		18A3ED0326138C4900E8AFF1 /* MockNetworkDecodableService.swift */ = {isa = PBXFileReference; lastKnownFileType = sourcecode.swift; path = MockNetworkDecodableService.swift; sourceTree = "<group>"; };
		18A3ED0926138C6B00E8AFF1 /* MockUserListPersistenceService.swift */ = {isa = PBXFileReference; lastKnownFileType = sourcecode.swift; path = MockUserListPersistenceService.swift; sourceTree = "<group>"; };
		18A3ED0D2613902400E8AFF1 /* MockLocalUsersSearchPersistenceService.swift */ = {isa = PBXFileReference; lastKnownFileType = sourcecode.swift; path = MockLocalUsersSearchPersistenceService.swift; sourceTree = "<group>"; };
		18A3ED132613906600E8AFF1 /* MockUserDetailsPersistenceService.swift */ = {isa = PBXFileReference; lastKnownFileType = sourcecode.swift; path = MockUserDetailsPersistenceService.swift; sourceTree = "<group>"; };
		18C33ECC26119A42008282B4 /* UserDetailsViewController.swift */ = {isa = PBXFileReference; lastKnownFileType = sourcecode.swift; path = UserDetailsViewController.swift; sourceTree = "<group>"; };
		18C33ED426119A51008282B4 /* UserDetailsViewController.storyboard */ = {isa = PBXFileReference; lastKnownFileType = file.storyboard; path = UserDetailsViewController.storyboard; sourceTree = "<group>"; };
		18C33EE426119CD4008282B4 /* UserDetailsViewModel.swift */ = {isa = PBXFileReference; lastKnownFileType = sourcecode.swift; path = UserDetailsViewModel.swift; sourceTree = "<group>"; };
/* End PBXFileReference section */

/* Begin PBXFrameworksBuildPhase section */
		188BF25F260EF67900EB2CC6 /* Frameworks */ = {
			isa = PBXFrameworksBuildPhase;
			buildActionMask = 2147483647;
			files = (
				18163C53261293280007ABCE /* SkeletonView in Frameworks */,
				181F54962611FE7900F1546A /* Reachability in Frameworks */,
				1849DD18262F25CB007637CE /* IQKeyboardManagerSwift in Frameworks */,
			);
			runOnlyForDeploymentPostprocessing = 0;
		};
		188BF278260EF67A00EB2CC6 /* Frameworks */ = {
			isa = PBXFrameworksBuildPhase;
			buildActionMask = 2147483647;
			files = (
			);
			runOnlyForDeploymentPostprocessing = 0;
		};
/* End PBXFrameworksBuildPhase section */

/* Begin PBXGroup section */
		180D2E3C260EF83B00508F21 /* Persistence */ = {
			isa = PBXGroup;
			children = (
				180D2E37260EF83800508F21 /* PersistenceManager.swift */,
				180D2EBE260F832400508F21 /* Entity+Mapping */,
				188BF26E260EF67900EB2CC6 /* GH_Users.xcdatamodeld */,
				180D2E9D260F74F200508F21 /* PersistenceService */,
			);
			path = Persistence;
			sourceTree = "<group>";
		};
		180D2E4D260EF87800508F21 /* Networking */ = {
			isa = PBXGroup;
			children = (
				180D2EDF260FAB7000508F21 /* APIEndpoints.swift */,
				180D2E44260EF86F00508F21 /* ApiConfig.swift */,
				180D2E40260EF86E00508F21 /* EndPoint.swift */,
				180D2E43260EF86F00508F21 /* NetworkDataService.swift */,
				180D2E42260EF86E00508F21 /* NetworkDecodableService.swift */,
				180D2E41260EF86E00508F21 /* NetworkOperationsManager.swift */,
			);
			path = Networking;
			sourceTree = "<group>";
		};
		180D2E51260EFBC600508F21 /* Application */ = {
			isa = PBXGroup;
			children = (
				180D2E56260EFBC600508F21 /* AppConfig.swift */,
				180D2E52260EFBC600508F21 /* AppCoordinator.swift */,
				180D2E53260EFBC600508F21 /* DIContainer */,
			);
			path = Application;
			sourceTree = "<group>";
		};
		180D2E53260EFBC600508F21 /* DIContainer */ = {
			isa = PBXGroup;
			children = (
				180D2E55260EFBC600508F21 /* AppDIContainer.swift */,
				180D2E54260EFBC600508F21 /* UsersSceneDIContainer.swift */,
			);
			path = DIContainer;
			sourceTree = "<group>";
		};
		180D2E6A260F026B00508F21 /* ImageCache */ = {
			isa = PBXGroup;
			children = (
				180D2E8F260F61E000508F21 /* ImageCacheService.swift */,
				180D2E6B260F029000508F21 /* ImagePersistenceManager.swift */,
			);
			path = ImageCache;
			sourceTree = "<group>";
		};
		180D2E80260F2E5E00508F21 /* Common */ = {
			isa = PBXGroup;
			children = (
				180D2E81260F2E7F00508F21 /* Cancellable.swift */,
				180D2F3D261066E200508F21 /* ConnectionError.swift */,
				180D2EA7260F77DC00508F21 /* Models */,
			);
			path = Common;
			sourceTree = "<group>";
		};
		180D2E9D260F74F200508F21 /* PersistenceService */ = {
			isa = PBXGroup;
			children = (
				180D2E9E260F751000508F21 /* UsersListPersistenceService.swift */,
				180D2EFB260FB02C00508F21 /* UserDetailsPersistenceService.swift */,
				180D300326115F4100508F21 /* LocalUsersSearchPersistenceService.swift */,
			);
			path = PersistenceService;
			sourceTree = "<group>";
		};
		180D2EA7260F77DC00508F21 /* Models */ = {
			isa = PBXGroup;
			children = (
				180D2EA9260F77ED00508F21 /* ResponseModels */,
				180D2EA8260F77E300508F21 /* QueryModels */,
			);
			path = Models;
			sourceTree = "<group>";
		};
		180D2EA8260F77E300508F21 /* QueryModels */ = {
			isa = PBXGroup;
			children = (
				180D300C261160D200508F21 /* LocalUsersSearchQuery.swift */,
				180D2EAA260F780500508F21 /* UsersListRequest.swift */,
				180D2EF1260FAF7900508F21 /* UserDetailsRequest.swift */,
			);
			path = QueryModels;
			sourceTree = "<group>";
		};
		180D2EA9260F77ED00508F21 /* ResponseModels */ = {
			isa = PBXGroup;
			children = (
				180D2EB5260F7DFD00508F21 /* UsersListResponse.swift */,
				180D2EC7260F9AE800508F21 /* UserDetailsResponse.swift */,
			);
			path = ResponseModels;
			sourceTree = "<group>";
		};
		180D2EBE260F832400508F21 /* Entity+Mapping */ = {
			isa = PBXGroup;
			children = (
				180D2EBF260F834500508F21 /* UserEntity+Mapping.swift */,
			);
			path = "Entity+Mapping";
			sourceTree = "<group>";
		};
		180D2ECC260FA87600508F21 /* Respositories */ = {
			isa = PBXGroup;
			children = (
				180D2ED5260FAA0D00508F21 /* Utils */,
				180D2ECD260FA88B00508F21 /* UsersListRepository.swift */,
				180D2EF6260FAFC100508F21 /* UserDetailsRepository.swift */,
				180D2F00260FB8C100508F21 /* ImageRepository.swift */,
				180D301726116C3700508F21 /* LocalUserSearchRepository.swift */,
			);
			path = Respositories;
			sourceTree = "<group>";
		};
		180D2ED5260FAA0D00508F21 /* Utils */ = {
			isa = PBXGroup;
			children = (
				180D2ED6260FAA1A00508F21 /* RepositoryTask.swift */,
			);
			path = Utils;
			sourceTree = "<group>";
		};
		180D2F052610365200508F21 /* Presentation */ = {
			isa = PBXGroup;
			children = (
				180D2F2D261046EE00508F21 /* Coordinators */,
				180D2FF726115D2300508F21 /* LocalUsersSearch */,
				180D2ECC260FA87600508F21 /* Respositories */,
				18C33ECB26119A24008282B4 /* UserDetails */,
				180D2F18261036A600508F21 /* UsersList */,
				180D2F422610672B00508F21 /* Utils */,
			);
			path = Presentation;
			sourceTree = "<group>";
		};
		180D2F062610365A00508F21 /* ViewModels */ = {
			isa = PBXGroup;
			children = (
				180D2F19261036E000508F21 /* UsersListViewModel.swift */,
				180D2F5726106A3A00508F21 /* UsersListCellViewModel.swift */,
			);
			path = ViewModels;
			sourceTree = "<group>";
		};
		180D2F072610366400508F21 /* View */ = {
			isa = PBXGroup;
			children = (
				180D2F89261096EA00508F21 /* TableViewController */,
				180D2F132610369E00508F21 /* UsersListViewController.swift */,
			);
			path = View;
			sourceTree = "<group>";
		};
		180D2F18261036A600508F21 /* UsersList */ = {
			isa = PBXGroup;
			children = (
				180D2F072610366400508F21 /* View */,
				180D2F062610365A00508F21 /* ViewModels */,
			);
			path = UsersList;
			sourceTree = "<group>";
		};
		180D2F2D261046EE00508F21 /* Coordinators */ = {
			isa = PBXGroup;
			children = (
				180D2F2E2610470000508F21 /* UsersListCoordinator.swift */,
			);
			path = Coordinators;
			sourceTree = "<group>";
		};
		180D2F422610672B00508F21 /* Utils */ = {
			isa = PBXGroup;
			children = (
				180D2F432610674400508F21 /* Extensions */,
				180D2FBC2610DA8000508F21 /* CustomClasses */,
			);
			path = Utils;
			sourceTree = "<group>";
		};
		180D2F432610674400508F21 /* Extensions */ = {
			isa = PBXGroup;
			children = (
				180D2F442610676300508F21 /* NetworkDecodableServiceError+ConnectionError.swift */,
				180D2FAF2610AEE000508F21 /* UIViewController+Embed.swift */,
				180D2FC82610DBF000508F21 /* UIImage+Resize.swift */,
				180D2FDC2610EA7100508F21 /* UIIMage+InvertImage.swift */,
			);
			path = Extensions;
			sourceTree = "<group>";
		};
		180D2F89261096EA00508F21 /* TableViewController */ = {
			isa = PBXGroup;
			children = (
				180D2F9726109AA300508F21 /* Cells */,
				180D2F8A2610970800508F21 /* UsersListTableViewController.swift */,
			);
			path = TableViewController;
			sourceTree = "<group>";
		};
		180D2F9726109AA300508F21 /* Cells */ = {
			isa = PBXGroup;
			children = (
				180D2FA026109AD600508F21 /* Protocols */,
				180D2F9826109AAC00508F21 /* UsersListItemCell.swift */,
				180D2FD22610E95400508F21 /* InvertedUsersListItemCell.swift */,
				180D2FD72610E9CF00508F21 /* UsersListNoteItemCell.swift */,
				180D2FE42610F2D500508F21 /* InvertedUsersNoteListItemCell.swift */,
			);
			path = Cells;
			sourceTree = "<group>";
		};
		180D2FA026109AD600508F21 /* Protocols */ = {
			isa = PBXGroup;
			children = (
				180D2FA126109AE700508F21 /* UsersListItemCellProtocol.swift */,
			);
			path = Protocols;
			sourceTree = "<group>";
		};
		180D2FBC2610DA8000508F21 /* CustomClasses */ = {
			isa = PBXGroup;
			children = (
				180D2FB72610D73400508F21 /* ShadowView.swift */,
				180D2FCD2610DD3600508F21 /* RoundedView.swift */,
				180D2FF226111B5200508F21 /* LoadingView.swift */,
			);
			path = CustomClasses;
			sourceTree = "<group>";
		};
		180D2FF726115D2300508F21 /* LocalUsersSearch */ = {
			isa = PBXGroup;
			children = (
				180D2FF926115D3D00508F21 /* ViewModel */,
				180D2FF826115D3000508F21 /* View */,
			);
			path = LocalUsersSearch;
			sourceTree = "<group>";
		};
		180D2FF826115D3000508F21 /* View */ = {
			isa = PBXGroup;
			children = (
				180D2F922610971A00508F21 /* UsersSearchTableViewController.swift */,
			);
			path = View;
			sourceTree = "<group>";
		};
		180D2FF926115D3D00508F21 /* ViewModel */ = {
			isa = PBXGroup;
			children = (
				180D2FFA26115D4D00508F21 /* LocalUsersSearchViewModel.swift */,
			);
			path = ViewModel;
			sourceTree = "<group>";
		};
		183E3BFD26136F3500F7587C /* Helpers */ = {
			isa = PBXGroup;
			children = (
				183E3BF926136A2100F7587C /* ModelGenerator.swift */,
				1864DB972613ABCD003D570B /* MockCancellable.swift */,
			);
			path = Helpers;
			sourceTree = "<group>";
		};
		183E3C0226136F4500F7587C /* Extensions */ = {
			isa = PBXGroup;
			children = (
				183E3C0326136F6B00F7587C /* Encodable+getData.swift */,
			);
			path = Extensions;
			sourceTree = "<group>";
		};
		1864DB842613AACC003D570B /* ViewModelTests */ = {
			isa = PBXGroup;
			children = (
				1865A12426563E2C00796C12 /* UserListViewModelTests.swift */,
				1865A12826563E6A00796C12 /* UserSearchViewModelTests.swift */,
				1865A12626563E3F00796C12 /* UserDetailsViewModelTests.swift */,
			);
			path = ViewModelTests;
			sourceTree = "<group>";
		};
		1865A13626564B4700796C12 /* PersistenceServicesTests */ = {
			isa = PBXGroup;
			children = (
				18163C65261338670007ABCE /* MergePolicyPersistenceServicesTests.swift */,
				1865A13026564B1600796C12 /* UserListPersistenceServiceTests.swift */,
				1865A13226564B2500796C12 /* UserDetailsPersistenceServiceTests.swift */,
				1865A13426564B3700796C12 /* UserSearchPersistenceServiceTests.swift */,
			);
			path = PersistenceServicesTests;
			sourceTree = "<group>";
		};
		1865A137265653B100796C12 /* Mocks */ = {
			isa = PBXGroup;
			children = (
				18A3ED0326138C4900E8AFF1 /* MockNetworkDecodableService.swift */,
				1865A1382656548D00796C12 /* PersistenceService */,
				1865A139265654A700796C12 /* Repository */,
			);
			path = Mocks;
			sourceTree = "<group>";
		};
		1865A1382656548D00796C12 /* PersistenceService */ = {
			isa = PBXGroup;
			children = (
				18A3ED0926138C6B00E8AFF1 /* MockUserListPersistenceService.swift */,
				18A3ED0D2613902400E8AFF1 /* MockLocalUsersSearchPersistenceService.swift */,
				18A3ED132613906600E8AFF1 /* MockUserDetailsPersistenceService.swift */,
			);
			path = PersistenceService;
			sourceTree = "<group>";
		};
		1865A139265654A700796C12 /* Repository */ = {
			isa = PBXGroup;
			children = (
				1864DB8F2613AB53003D570B /* MockSearchUsersRepository.swift */,
				1864DB902613AB53003D570B /* MockUserDetailsRepository.swift */,
				1864DB8B2613AB23003D570B /* MockUsersListRepository.swift */,
				1864DB9D2613B386003D570B /* MockImageRepository.swift */,
			);
			path = Repository;
			sourceTree = "<group>";
		};
		188BF259260EF67900EB2CC6 = {
			isa = PBXGroup;
			children = (
				188BF264260EF67900EB2CC6 /* GH-Users */,
				188BF27E260EF67A00EB2CC6 /* GH-UsersTests */,
				188BF263260EF67900EB2CC6 /* Products */,
			);
			sourceTree = "<group>";
		};
		188BF263260EF67900EB2CC6 /* Products */ = {
			isa = PBXGroup;
			children = (
				188BF262260EF67900EB2CC6 /* GH-Users.app */,
				188BF27B260EF67A00EB2CC6 /* GH-UsersTests.xctest */,
			);
			name = Products;
			sourceTree = "<group>";
		};
		188BF264260EF67900EB2CC6 /* GH-Users */ = {
			isa = PBXGroup;
			children = (
				188BF276260EF67A00EB2CC6 /* Info.plist */,
				188BF265260EF67900EB2CC6 /* AppDelegate.swift */,
				188BF267260EF67900EB2CC6 /* SceneDelegate.swift */,
				188BF271260EF67A00EB2CC6 /* Assets.xcassets */,
				180D2E51260EFBC600508F21 /* Application */,
				180D2E80260F2E5E00508F21 /* Common */,
				180D2E6A260F026B00508F21 /* ImageCache */,
				188BF273260EF67A00EB2CC6 /* LaunchScreen.storyboard */,
				180D2E4D260EF87800508F21 /* Networking */,
				180D2E3C260EF83B00508F21 /* Persistence */,
				180D2F052610365200508F21 /* Presentation */,
			);
			path = "GH-Users";
			sourceTree = "<group>";
		};
		188BF27E260EF67A00EB2CC6 /* GH-UsersTests */ = {
			isa = PBXGroup;
			children = (
				1865A137265653B100796C12 /* Mocks */,
				1864DB842613AACC003D570B /* ViewModelTests */,
				188BF281260EF67A00EB2CC6 /* Info.plist */,
				1865A13626564B4700796C12 /* PersistenceServicesTests */,
				183E3C0226136F4500F7587C /* Extensions */,
				183E3BFD26136F3500F7587C /* Helpers */,
				18A3ED0226138C2600E8AFF1 /* RepositoryTests */,
			);
			path = "GH-UsersTests";
			sourceTree = "<group>";
		};
		18A3ED0226138C2600E8AFF1 /* RepositoryTests */ = {
			isa = PBXGroup;
			children = (
				1865A12A2656449E00796C12 /* UserListRepositoryTests.swift */,
				1865A12C265644C000796C12 /* UserDetailsRepositoryTests.swift */,
				1865A12E265644D800796C12 /* UserSearchRepositoryTests.swift */,
			);
			path = RepositoryTests;
			sourceTree = "<group>";
		};
		18C33ECB26119A24008282B4 /* UserDetails */ = {
			isa = PBXGroup;
			children = (
				18C33EE326119CB6008282B4 /* ViewModel */,
				18C33EDC26119CAE008282B4 /* View */,
			);
			path = UserDetails;
			sourceTree = "<group>";
		};
		18C33EDC26119CAE008282B4 /* View */ = {
			isa = PBXGroup;
			children = (
				18C33ECC26119A42008282B4 /* UserDetailsViewController.swift */,
				18C33ED426119A51008282B4 /* UserDetailsViewController.storyboard */,
			);
			path = View;
			sourceTree = "<group>";
		};
		18C33EE326119CB6008282B4 /* ViewModel */ = {
			isa = PBXGroup;
			children = (
				18C33EE426119CD4008282B4 /* UserDetailsViewModel.swift */,
			);
			path = ViewModel;
			sourceTree = "<group>";
		};
/* End PBXGroup section */

/* Begin PBXNativeTarget section */
		188BF261260EF67900EB2CC6 /* GH-Users */ = {
			isa = PBXNativeTarget;
			buildConfigurationList = 188BF28F260EF67A00EB2CC6 /* Build configuration list for PBXNativeTarget "GH-Users" */;
			buildPhases = (
				188BF25E260EF67900EB2CC6 /* Sources */,
				188BF25F260EF67900EB2CC6 /* Frameworks */,
				188BF260260EF67900EB2CC6 /* Resources */,
			);
			buildRules = (
			);
			dependencies = (
			);
			name = "GH-Users";
			packageProductDependencies = (
				181F54952611FE7900F1546A /* Reachability */,
				18163C52261293280007ABCE /* SkeletonView */,
				1849DD17262F25CB007637CE /* IQKeyboardManagerSwift */,
			);
			productName = "GH-Users";
			productReference = 188BF262260EF67900EB2CC6 /* GH-Users.app */;
			productType = "com.apple.product-type.application";
		};
		188BF27A260EF67A00EB2CC6 /* GH-UsersTests */ = {
			isa = PBXNativeTarget;
			buildConfigurationList = 188BF292260EF67A00EB2CC6 /* Build configuration list for PBXNativeTarget "GH-UsersTests" */;
			buildPhases = (
				188BF277260EF67A00EB2CC6 /* Sources */,
				188BF278260EF67A00EB2CC6 /* Frameworks */,
				188BF279260EF67A00EB2CC6 /* Resources */,
			);
			buildRules = (
			);
			dependencies = (
				188BF27D260EF67A00EB2CC6 /* PBXTargetDependency */,
			);
			name = "GH-UsersTests";
			productName = "GH-UsersTests";
			productReference = 188BF27B260EF67A00EB2CC6 /* GH-UsersTests.xctest */;
			productType = "com.apple.product-type.bundle.unit-test";
		};
/* End PBXNativeTarget section */

/* Begin PBXProject section */
		188BF25A260EF67900EB2CC6 /* Project object */ = {
			isa = PBXProject;
			attributes = {
				LastSwiftUpdateCheck = 1240;
				LastUpgradeCheck = 1240;
				TargetAttributes = {
					188BF261260EF67900EB2CC6 = {
						CreatedOnToolsVersion = 12.4;
					};
					188BF27A260EF67A00EB2CC6 = {
						CreatedOnToolsVersion = 12.4;
						TestTargetID = 188BF261260EF67900EB2CC6;
					};
				};
			};
			buildConfigurationList = 188BF25D260EF67900EB2CC6 /* Build configuration list for PBXProject "GH-Users" */;
			compatibilityVersion = "Xcode 9.3";
			developmentRegion = en;
			hasScannedForEncodings = 0;
			knownRegions = (
				en,
				Base,
			);
			mainGroup = 188BF259260EF67900EB2CC6;
			packageReferences = (
				181F54942611FE7900F1546A /* XCRemoteSwiftPackageReference "Reachability" */,
				18163C51261293280007ABCE /* XCRemoteSwiftPackageReference "SkeletonView" */,
				1849DD16262F25CB007637CE /* XCRemoteSwiftPackageReference "IQKeyboardManager" */,
			);
			productRefGroup = 188BF263260EF67900EB2CC6 /* Products */;
			projectDirPath = "";
			projectRoot = "";
			targets = (
				188BF261260EF67900EB2CC6 /* GH-Users */,
				188BF27A260EF67A00EB2CC6 /* GH-UsersTests */,
			);
		};
/* End PBXProject section */

/* Begin PBXResourcesBuildPhase section */
		188BF260260EF67900EB2CC6 /* Resources */ = {
			isa = PBXResourcesBuildPhase;
			buildActionMask = 2147483647;
			files = (
				18C33ED526119A51008282B4 /* UserDetailsViewController.storyboard in Resources */,
				188BF275260EF67A00EB2CC6 /* LaunchScreen.storyboard in Resources */,
				188BF272260EF67A00EB2CC6 /* Assets.xcassets in Resources */,
			);
			runOnlyForDeploymentPostprocessing = 0;
		};
		188BF279260EF67A00EB2CC6 /* Resources */ = {
			isa = PBXResourcesBuildPhase;
			buildActionMask = 2147483647;
			files = (
			);
			runOnlyForDeploymentPostprocessing = 0;
		};
/* End PBXResourcesBuildPhase section */

/* Begin PBXSourcesBuildPhase section */
		188BF25E260EF67900EB2CC6 /* Sources */ = {
			isa = PBXSourcesBuildPhase;
			buildActionMask = 2147483647;
			files = (
				180D2E82260F2E7F00508F21 /* Cancellable.swift in Sources */,
				180D2FDD2610EA7100508F21 /* UIIMage+InvertImage.swift in Sources */,
				180D2F6726107A2600508F21 /* UsersSceneDIContainer.swift in Sources */,
				180D2E6C260F029000508F21 /* ImagePersistenceManager.swift in Sources */,
				180D2E90260F61E000508F21 /* ImageCacheService.swift in Sources */,
				180D2EF2260FAF7900508F21 /* UserDetailsRequest.swift in Sources */,
				180D2FB82610D73400508F21 /* ShadowView.swift in Sources */,
				180D2EE1260FAB7000508F21 /* APIEndpoints.swift in Sources */,
				180D2FCE2610DD3600508F21 /* RoundedView.swift in Sources */,
				180D2EAB260F780500508F21 /* UsersListRequest.swift in Sources */,
				180D2F3E261066E200508F21 /* ConnectionError.swift in Sources */,
				180D2FF326111B5200508F21 /* LoadingView.swift in Sources */,
				180D2F6926107A2600508F21 /* UsersListViewController.swift in Sources */,
				180D2F9926109AAC00508F21 /* UsersListItemCell.swift in Sources */,
				180D2FD32610E95400508F21 /* InvertedUsersListItemCell.swift in Sources */,
				180D300426115F4100508F21 /* LocalUsersSearchPersistenceService.swift in Sources */,
				180D2F5826106A3A00508F21 /* UsersListCellViewModel.swift in Sources */,
				180D2EBA260F7E0700508F21 /* UsersListPersistenceService.swift in Sources */,
				180D2F6626107A2600508F21 /* UsersListCoordinator.swift in Sources */,
				180D2E49260EF86F00508F21 /* ApiConfig.swift in Sources */,
				180D2ED7260FAA1A00508F21 /* RepositoryTask.swift in Sources */,
				180D2EC0260F834500508F21 /* UserEntity+Mapping.swift in Sources */,
				180D2EB6260F7DFD00508F21 /* UsersListResponse.swift in Sources */,
				180D2EC8260F9AE800508F21 /* UserDetailsResponse.swift in Sources */,
				180D301826116C3700508F21 /* LocalUserSearchRepository.swift in Sources */,
				18C33ECD26119A42008282B4 /* UserDetailsViewController.swift in Sources */,
				180D2FB02610AEE000508F21 /* UIViewController+Embed.swift in Sources */,
				180D2F1A261036E000508F21 /* UsersListViewModel.swift in Sources */,
				180D2F01260FB8C100508F21 /* ImageRepository.swift in Sources */,
				180D2FA226109AE700508F21 /* UsersListItemCellProtocol.swift in Sources */,
				180D2FC92610DBF000508F21 /* UIImage+Resize.swift in Sources */,
				180D2E48260EF86F00508F21 /* NetworkDataService.swift in Sources */,
				180D2E45260EF86F00508F21 /* EndPoint.swift in Sources */,
				180D300D261160D200508F21 /* LocalUsersSearchQuery.swift in Sources */,
				180D2F6826107A2600508F21 /* AppCoordinator.swift in Sources */,
				180D2EF7260FAFC100508F21 /* UserDetailsRepository.swift in Sources */,
				180D2E38260EF83800508F21 /* PersistenceManager.swift in Sources */,
				180D2FD82610E9CF00508F21 /* UsersListNoteItemCell.swift in Sources */,
				180D2F932610971A00508F21 /* UsersSearchTableViewController.swift in Sources */,
				18C33EE526119CD4008282B4 /* UserDetailsViewModel.swift in Sources */,
				188BF270260EF67900EB2CC6 /* GH_Users.xcdatamodeld in Sources */,
				180D2E46260EF86F00508F21 /* NetworkOperationsManager.swift in Sources */,
				188BF266260EF67900EB2CC6 /* AppDelegate.swift in Sources */,
				180D2F6A26107A2600508F21 /* AppDIContainer.swift in Sources */,
				180D2ECE260FA88B00508F21 /* UsersListRepository.swift in Sources */,
				180D2F8B2610970800508F21 /* UsersListTableViewController.swift in Sources */,
				180D2FFB26115D4D00508F21 /* LocalUsersSearchViewModel.swift in Sources */,
				180D2EFC260FB02C00508F21 /* UserDetailsPersistenceService.swift in Sources */,
				180D2FE52610F2D500508F21 /* InvertedUsersNoteListItemCell.swift in Sources */,
				180D2F6B26107A2600508F21 /* AppConfig.swift in Sources */,
				180D2E47260EF86F00508F21 /* NetworkDecodableService.swift in Sources */,
				188BF268260EF67900EB2CC6 /* SceneDelegate.swift in Sources */,
				180D2F452610676300508F21 /* NetworkDecodableServiceError+ConnectionError.swift in Sources */,
			);
			runOnlyForDeploymentPostprocessing = 0;
		};
		188BF277260EF67A00EB2CC6 /* Sources */ = {
			isa = PBXSourcesBuildPhase;
			buildActionMask = 2147483647;
			files = (
				1865A13126564B1600796C12 /* UserListPersistenceServiceTests.swift in Sources */,
				1865A12526563E2C00796C12 /* UserListViewModelTests.swift in Sources */,
				18A3ED0426138C4900E8AFF1 /* MockNetworkDecodableService.swift in Sources */,
				1865A12F265644D800796C12 /* UserSearchRepositoryTests.swift in Sources */,
				183E3C0426136F6B00F7587C /* Encodable+getData.swift in Sources */,
				183E3BFA26136A2100F7587C /* ModelGenerator.swift in Sources */,
				18163C66261338670007ABCE /* MergePolicyPersistenceServicesTests.swift in Sources */,
				18A3ED0E2613902400E8AFF1 /* MockLocalUsersSearchPersistenceService.swift in Sources */,
				1865A12926563E6A00796C12 /* UserSearchViewModelTests.swift in Sources */,
				1865A12B2656449F00796C12 /* UserListRepositoryTests.swift in Sources */,
				1864DB8C2613AB23003D570B /* MockUsersListRepository.swift in Sources */,
				1864DB982613ABCD003D570B /* MockCancellable.swift in Sources */,
				18A3ED0A26138C6B00E8AFF1 /* MockUserListPersistenceService.swift in Sources */,
				1864DB922613AB53003D570B /* MockUserDetailsRepository.swift in Sources */,
				1864DB9E2613B386003D570B /* MockImageRepository.swift in Sources */,
				18A3ED142613906600E8AFF1 /* MockUserDetailsPersistenceService.swift in Sources */,
				1865A12726563E3F00796C12 /* UserDetailsViewModelTests.swift in Sources */,
				1865A13326564B2500796C12 /* UserDetailsPersistenceServiceTests.swift in Sources */,
				1865A12D265644C000796C12 /* UserDetailsRepositoryTests.swift in Sources */,
				1865A13526564B3700796C12 /* UserSearchPersistenceServiceTests.swift in Sources */,
				1864DB912613AB53003D570B /* MockSearchUsersRepository.swift in Sources */,
			);
			runOnlyForDeploymentPostprocessing = 0;
		};
/* End PBXSourcesBuildPhase section */

/* Begin PBXTargetDependency section */
		188BF27D260EF67A00EB2CC6 /* PBXTargetDependency */ = {
			isa = PBXTargetDependency;
			target = 188BF261260EF67900EB2CC6 /* GH-Users */;
			targetProxy = 188BF27C260EF67A00EB2CC6 /* PBXContainerItemProxy */;
		};
/* End PBXTargetDependency section */

/* Begin PBXVariantGroup section */
		188BF273260EF67A00EB2CC6 /* LaunchScreen.storyboard */ = {
			isa = PBXVariantGroup;
			children = (
				188BF274260EF67A00EB2CC6 /* Base */,
			);
			name = LaunchScreen.storyboard;
			sourceTree = "<group>";
		};
/* End PBXVariantGroup section */

/* Begin XCBuildConfiguration section */
		188BF28D260EF67A00EB2CC6 /* Debug */ = {
			isa = XCBuildConfiguration;
			buildSettings = {
				ALWAYS_SEARCH_USER_PATHS = NO;
				CLANG_ANALYZER_NONNULL = YES;
				CLANG_ANALYZER_NUMBER_OBJECT_CONVERSION = YES_AGGRESSIVE;
				CLANG_CXX_LANGUAGE_STANDARD = "gnu++14";
				CLANG_CXX_LIBRARY = "libc++";
				CLANG_ENABLE_MODULES = YES;
				CLANG_ENABLE_OBJC_ARC = YES;
				CLANG_ENABLE_OBJC_WEAK = YES;
				CLANG_WARN_BLOCK_CAPTURE_AUTORELEASING = YES;
				CLANG_WARN_BOOL_CONVERSION = YES;
				CLANG_WARN_COMMA = YES;
				CLANG_WARN_CONSTANT_CONVERSION = YES;
				CLANG_WARN_DEPRECATED_OBJC_IMPLEMENTATIONS = YES;
				CLANG_WARN_DIRECT_OBJC_ISA_USAGE = YES_ERROR;
				CLANG_WARN_DOCUMENTATION_COMMENTS = YES;
				CLANG_WARN_EMPTY_BODY = YES;
				CLANG_WARN_ENUM_CONVERSION = YES;
				CLANG_WARN_INFINITE_RECURSION = YES;
				CLANG_WARN_INT_CONVERSION = YES;
				CLANG_WARN_NON_LITERAL_NULL_CONVERSION = YES;
				CLANG_WARN_OBJC_IMPLICIT_RETAIN_SELF = YES;
				CLANG_WARN_OBJC_LITERAL_CONVERSION = YES;
				CLANG_WARN_OBJC_ROOT_CLASS = YES_ERROR;
				CLANG_WARN_QUOTED_INCLUDE_IN_FRAMEWORK_HEADER = YES;
				CLANG_WARN_RANGE_LOOP_ANALYSIS = YES;
				CLANG_WARN_STRICT_PROTOTYPES = YES;
				CLANG_WARN_SUSPICIOUS_MOVE = YES;
				CLANG_WARN_UNGUARDED_AVAILABILITY = YES_AGGRESSIVE;
				CLANG_WARN_UNREACHABLE_CODE = YES;
				CLANG_WARN__DUPLICATE_METHOD_MATCH = YES;
				COPY_PHASE_STRIP = NO;
				DEBUG_INFORMATION_FORMAT = dwarf;
				ENABLE_STRICT_OBJC_MSGSEND = YES;
				ENABLE_TESTABILITY = YES;
				GCC_C_LANGUAGE_STANDARD = gnu11;
				GCC_DYNAMIC_NO_PIC = NO;
				GCC_NO_COMMON_BLOCKS = YES;
				GCC_OPTIMIZATION_LEVEL = 0;
				GCC_PREPROCESSOR_DEFINITIONS = (
					"DEBUG=1",
					"$(inherited)",
				);
				GCC_WARN_64_TO_32_BIT_CONVERSION = YES;
				GCC_WARN_ABOUT_RETURN_TYPE = YES_ERROR;
				GCC_WARN_UNDECLARED_SELECTOR = YES;
				GCC_WARN_UNINITIALIZED_AUTOS = YES_AGGRESSIVE;
				GCC_WARN_UNUSED_FUNCTION = YES;
				GCC_WARN_UNUSED_VARIABLE = YES;
				IPHONEOS_DEPLOYMENT_TARGET = 13.0;
				MTL_ENABLE_DEBUG_INFO = INCLUDE_SOURCE;
				MTL_FAST_MATH = YES;
				ONLY_ACTIVE_ARCH = YES;
				SDKROOT = iphoneos;
				SWIFT_ACTIVE_COMPILATION_CONDITIONS = DEBUG;
				SWIFT_OPTIMIZATION_LEVEL = "-Onone";
			};
			name = Debug;
		};
		188BF28E260EF67A00EB2CC6 /* Release */ = {
			isa = XCBuildConfiguration;
			buildSettings = {
				ALWAYS_SEARCH_USER_PATHS = NO;
				CLANG_ANALYZER_NONNULL = YES;
				CLANG_ANALYZER_NUMBER_OBJECT_CONVERSION = YES_AGGRESSIVE;
				CLANG_CXX_LANGUAGE_STANDARD = "gnu++14";
				CLANG_CXX_LIBRARY = "libc++";
				CLANG_ENABLE_MODULES = YES;
				CLANG_ENABLE_OBJC_ARC = YES;
				CLANG_ENABLE_OBJC_WEAK = YES;
				CLANG_WARN_BLOCK_CAPTURE_AUTORELEASING = YES;
				CLANG_WARN_BOOL_CONVERSION = YES;
				CLANG_WARN_COMMA = YES;
				CLANG_WARN_CONSTANT_CONVERSION = YES;
				CLANG_WARN_DEPRECATED_OBJC_IMPLEMENTATIONS = YES;
				CLANG_WARN_DIRECT_OBJC_ISA_USAGE = YES_ERROR;
				CLANG_WARN_DOCUMENTATION_COMMENTS = YES;
				CLANG_WARN_EMPTY_BODY = YES;
				CLANG_WARN_ENUM_CONVERSION = YES;
				CLANG_WARN_INFINITE_RECURSION = YES;
				CLANG_WARN_INT_CONVERSION = YES;
				CLANG_WARN_NON_LITERAL_NULL_CONVERSION = YES;
				CLANG_WARN_OBJC_IMPLICIT_RETAIN_SELF = YES;
				CLANG_WARN_OBJC_LITERAL_CONVERSION = YES;
				CLANG_WARN_OBJC_ROOT_CLASS = YES_ERROR;
				CLANG_WARN_QUOTED_INCLUDE_IN_FRAMEWORK_HEADER = YES;
				CLANG_WARN_RANGE_LOOP_ANALYSIS = YES;
				CLANG_WARN_STRICT_PROTOTYPES = YES;
				CLANG_WARN_SUSPICIOUS_MOVE = YES;
				CLANG_WARN_UNGUARDED_AVAILABILITY = YES_AGGRESSIVE;
				CLANG_WARN_UNREACHABLE_CODE = YES;
				CLANG_WARN__DUPLICATE_METHOD_MATCH = YES;
				COPY_PHASE_STRIP = NO;
				DEBUG_INFORMATION_FORMAT = "dwarf-with-dsym";
				ENABLE_NS_ASSERTIONS = NO;
				ENABLE_STRICT_OBJC_MSGSEND = YES;
				GCC_C_LANGUAGE_STANDARD = gnu11;
				GCC_NO_COMMON_BLOCKS = YES;
				GCC_WARN_64_TO_32_BIT_CONVERSION = YES;
				GCC_WARN_ABOUT_RETURN_TYPE = YES_ERROR;
				GCC_WARN_UNDECLARED_SELECTOR = YES;
				GCC_WARN_UNINITIALIZED_AUTOS = YES_AGGRESSIVE;
				GCC_WARN_UNUSED_FUNCTION = YES;
				GCC_WARN_UNUSED_VARIABLE = YES;
				IPHONEOS_DEPLOYMENT_TARGET = 13.0;
				MTL_ENABLE_DEBUG_INFO = NO;
				MTL_FAST_MATH = YES;
				SDKROOT = iphoneos;
				SWIFT_COMPILATION_MODE = wholemodule;
				SWIFT_OPTIMIZATION_LEVEL = "-O";
				VALIDATE_PRODUCT = YES;
			};
			name = Release;
		};
		188BF290260EF67A00EB2CC6 /* Debug */ = {
			isa = XCBuildConfiguration;
			buildSettings = {
				API_BASE_URL = "https://api.github.com";
				ASSETCATALOG_COMPILER_APPICON_NAME = AppIcon;
				ASSETCATALOG_COMPILER_GLOBAL_ACCENT_COLOR_NAME = AccentColor;
				CODE_SIGN_STYLE = Automatic;
				DEVELOPMENT_TEAM = WLNG5C7UJQ;
				INFOPLIST_FILE = "GH-Users/Info.plist";
				LD_RUNPATH_SEARCH_PATHS = (
					"$(inherited)",
					"@executable_path/Frameworks",
				);
				PRODUCT_BUNDLE_IDENTIFIER = "com.vid.GH-Users";
				PRODUCT_NAME = "$(TARGET_NAME)";
				SWIFT_VERSION = 5.0;
				TARGETED_DEVICE_FAMILY = "1,2";
			};
			name = Debug;
		};
		188BF291260EF67A00EB2CC6 /* Release */ = {
			isa = XCBuildConfiguration;
			buildSettings = {
				API_BASE_URL = "https://api.github.com";
				ASSETCATALOG_COMPILER_APPICON_NAME = AppIcon;
				ASSETCATALOG_COMPILER_GLOBAL_ACCENT_COLOR_NAME = AccentColor;
				CODE_SIGN_STYLE = Automatic;
				DEVELOPMENT_TEAM = WLNG5C7UJQ;
				INFOPLIST_FILE = "GH-Users/Info.plist";
				LD_RUNPATH_SEARCH_PATHS = (
					"$(inherited)",
					"@executable_path/Frameworks",
				);
				PRODUCT_BUNDLE_IDENTIFIER = "com.vid.GH-Users";
				PRODUCT_NAME = "$(TARGET_NAME)";
				SWIFT_VERSION = 5.0;
				TARGETED_DEVICE_FAMILY = "1,2";
			};
			name = Release;
		};
		188BF293260EF67A00EB2CC6 /* Debug */ = {
			isa = XCBuildConfiguration;
			buildSettings = {
				ALWAYS_EMBED_SWIFT_STANDARD_LIBRARIES = YES;
				BUNDLE_LOADER = "$(TEST_HOST)";
				CODE_SIGN_STYLE = Automatic;
				INFOPLIST_FILE = "GH-UsersTests/Info.plist";
				IPHONEOS_DEPLOYMENT_TARGET = 14.4;
				LD_RUNPATH_SEARCH_PATHS = (
					"$(inherited)",
					"@executable_path/Frameworks",
					"@loader_path/Frameworks",
				);
				PRODUCT_BUNDLE_IDENTIFIER = "com.vid.GH-UsersTests";
				PRODUCT_NAME = "$(TARGET_NAME)";
				SWIFT_VERSION = 5.0;
				TARGETED_DEVICE_FAMILY = "1,2";
				TEST_HOST = "$(BUILT_PRODUCTS_DIR)/GH-Users.app/GH-Users";
			};
			name = Debug;
		};
		188BF294260EF67A00EB2CC6 /* Release */ = {
			isa = XCBuildConfiguration;
			buildSettings = {
				ALWAYS_EMBED_SWIFT_STANDARD_LIBRARIES = YES;
				BUNDLE_LOADER = "$(TEST_HOST)";
				CODE_SIGN_STYLE = Automatic;
				INFOPLIST_FILE = "GH-UsersTests/Info.plist";
				IPHONEOS_DEPLOYMENT_TARGET = 14.4;
				LD_RUNPATH_SEARCH_PATHS = (
					"$(inherited)",
					"@executable_path/Frameworks",
					"@loader_path/Frameworks",
				);
				PRODUCT_BUNDLE_IDENTIFIER = "com.vid.GH-UsersTests";
				PRODUCT_NAME = "$(TARGET_NAME)";
				SWIFT_VERSION = 5.0;
				TARGETED_DEVICE_FAMILY = "1,2";
				TEST_HOST = "$(BUILT_PRODUCTS_DIR)/GH-Users.app/GH-Users";
			};
			name = Release;
		};
/* End XCBuildConfiguration section */

/* Begin XCConfigurationList section */
		188BF25D260EF67900EB2CC6 /* Build configuration list for PBXProject "GH-Users" */ = {
			isa = XCConfigurationList;
			buildConfigurations = (
				188BF28D260EF67A00EB2CC6 /* Debug */,
				188BF28E260EF67A00EB2CC6 /* Release */,
			);
			defaultConfigurationIsVisible = 0;
			defaultConfigurationName = Release;
		};
		188BF28F260EF67A00EB2CC6 /* Build configuration list for PBXNativeTarget "GH-Users" */ = {
			isa = XCConfigurationList;
			buildConfigurations = (
				188BF290260EF67A00EB2CC6 /* Debug */,
				188BF291260EF67A00EB2CC6 /* Release */,
			);
			defaultConfigurationIsVisible = 0;
			defaultConfigurationName = Release;
		};
		188BF292260EF67A00EB2CC6 /* Build configuration list for PBXNativeTarget "GH-UsersTests" */ = {
			isa = XCConfigurationList;
			buildConfigurations = (
				188BF293260EF67A00EB2CC6 /* Debug */,
				188BF294260EF67A00EB2CC6 /* Release */,
			);
			defaultConfigurationIsVisible = 0;
			defaultConfigurationName = Release;
		};
/* End XCConfigurationList section */

/* Begin XCRemoteSwiftPackageReference section */
		18163C51261293280007ABCE /* XCRemoteSwiftPackageReference "SkeletonView" */ = {
			isa = XCRemoteSwiftPackageReference;
			repositoryURL = "https://github.com/Juanpe/SkeletonView";
			requirement = {
				kind = upToNextMajorVersion;
				minimumVersion = 1.15.0;
			};
		};
		181F54942611FE7900F1546A /* XCRemoteSwiftPackageReference "Reachability" */ = {
			isa = XCRemoteSwiftPackageReference;
			repositoryURL = "https://github.com/ashleymills/Reachability.swift";
			requirement = {
				kind = upToNextMajorVersion;
				minimumVersion = 5.1.0;
			};
		};
		1849DD16262F25CB007637CE /* XCRemoteSwiftPackageReference "IQKeyboardManager" */ = {
			isa = XCRemoteSwiftPackageReference;
			repositoryURL = "https://github.com/hackiftekhar/IQKeyboardManager.git";
			requirement = {
				kind = upToNextMajorVersion;
				minimumVersion = 6.5.6;
			};
		};
/* End XCRemoteSwiftPackageReference section */

/* Begin XCSwiftPackageProductDependency section */
		18163C52261293280007ABCE /* SkeletonView */ = {
			isa = XCSwiftPackageProductDependency;
			package = 18163C51261293280007ABCE /* XCRemoteSwiftPackageReference "SkeletonView" */;
			productName = SkeletonView;
		};
		181F54952611FE7900F1546A /* Reachability */ = {
			isa = XCSwiftPackageProductDependency;
			package = 181F54942611FE7900F1546A /* XCRemoteSwiftPackageReference "Reachability" */;
			productName = Reachability;
		};
		1849DD17262F25CB007637CE /* IQKeyboardManagerSwift */ = {
			isa = XCSwiftPackageProductDependency;
			package = 1849DD16262F25CB007637CE /* XCRemoteSwiftPackageReference "IQKeyboardManager" */;
			productName = IQKeyboardManagerSwift;
		};
/* End XCSwiftPackageProductDependency section */

/* Begin XCVersionGroup section */
		188BF26E260EF67900EB2CC6 /* GH_Users.xcdatamodeld */ = {
			isa = XCVersionGroup;
			children = (
				188BF26F260EF67900EB2CC6 /* GH_Users.xcdatamodel */,
			);
			currentVersion = 188BF26F260EF67900EB2CC6 /* GH_Users.xcdatamodel */;
			path = GH_Users.xcdatamodeld;
			sourceTree = "<group>";
			versionGroupType = wrapper.xcdatamodel;
		};
/* End XCVersionGroup section */
	};
	rootObject = 188BF25A260EF67900EB2CC6 /* Project object */;
}
